
Microsoft Visual Studio Solution File, Format Version 12.00
# Visual Studio 15
VisualStudioVersion = 15.0.26430.16
MinimumVisualStudioVersion = 10.0.40219.1
Project("{FAE04EC0-301F-11D3-BF4B-00C04F79EFBC}") = "kütüphane", "WindowsFormsApplication1\kütüphane.csproj", "{30C9557B-68CC-4B9D-A093-F77E4FC4A4DA}"
EndProject
Project("{FAE04EC0-301F-11D3-BF4B-00C04F79EFBC}") = "Kütüphane.ORM", "Kütüphane.ORM\Kütüphane.ORM.csproj", "{66CC0A59-EC56-4D88-B38F-1052502C2DF1}"
EndProject
Global
	GlobalSection(SolutionConfigurationPlatforms) = preSolution
		Debug|Any CPU = Debug|Any CPU
		Release|Any CPU = Release|Any CPU
	EndGlobalSection
	GlobalSection(ProjectConfigurationPlatforms) = postSolution
		{30C9557B-68CC-4B9D-A093-F77E4FC4A4DA}.Debug|Any CPU.ActiveCfg = Debug|Any CPU
		{30C9557B-68CC-4B9D-A093-F77E4FC4A4DA}.Debug|Any CPU.Build.0 = Debug|Any CPU
		{30C9557B-68CC-4B9D-A093-F77E4FC4A4DA}.Release|Any CPU.ActiveCfg = Release|Any CPU
		{30C9557B-68CC-4B9D-A093-F77E4FC4A4DA}.Release|Any CPU.Build.0 = Release|Any CPU
		{66CC0A59-EC56-4D88-B38F-1052502C2DF1}.Debug|Any CPU.ActiveCfg = Debug|Any CPU
		{66CC0A59-EC56-4D88-B38F-1052502C2DF1}.Debug|Any CPU.Build.0 = Debug|Any CPU
		{66CC0A59-EC56-4D88-B38F-1052502C2DF1}.Release|Any CPU.ActiveCfg = Release|Any CPU
		{66CC0A59-EC56-4D88-B38F-1052502C2DF1}.Release|Any CPU.Build.0 = Release|Any CPU
	EndGlobalSection
	GlobalSection(SolutionProperties) = preSolution
		HideSolutionNode = FALSE
	EndGlobalSection
EndGlobal
